
Microsoft Visual Studio Solution File, Format Version 12.00
# Visual Studio Version 17
VisualStudioVersion = 17.2.32630.192
MinimumVisualStudioVersion = 10.0.40219.1
Project("{9A19103F-16F7-4668-BE54-9A1E7A4F7556}") = "MyCar.Server", "MyCar.Server\MyCar.Server.csproj", "{D55F11CD-7E6D-4E4F-91F2-E995AE1D9EB8}"
EndProject
Project("{9A19103F-16F7-4668-BE54-9A1E7A4F7556}") = "MyCar.Desktop", "MyCar.Desktop\MyCar.Desktop.csproj", "{D00679DF-D023-470E-8D36-72827CE4C2B4}"
EndProject
Project("{9A19103F-16F7-4668-BE54-9A1E7A4F7556}") = "ModelsApi", "ModelsApi\ModelsApi.csproj", "{B7DF51F1-9475-4F37-9E23-397EAF40A07B}"
EndProject
Project("{FAE04EC0-301F-11D3-BF4B-00C04F79EFBC}") = "MyCar.Web", "MyCar.Web\MyCar.Web.csproj", "{DC136DBB-1617-4D7B-8B5D-FCB1421434E4}"
EndProject
Global
	GlobalSection(SolutionConfigurationPlatforms) = preSolution
		Debug|Any CPU = Debug|Any CPU
		Release|Any CPU = Release|Any CPU
	EndGlobalSection
	GlobalSection(ProjectConfigurationPlatforms) = postSolution
		{D55F11CD-7E6D-4E4F-91F2-E995AE1D9EB8}.Debug|Any CPU.ActiveCfg = Debug|Any CPU
		{D55F11CD-7E6D-4E4F-91F2-E995AE1D9EB8}.Debug|Any CPU.Build.0 = Debug|Any CPU
		{D55F11CD-7E6D-4E4F-91F2-E995AE1D9EB8}.Release|Any CPU.ActiveCfg = Release|Any CPU
		{D55F11CD-7E6D-4E4F-91F2-E995AE1D9EB8}.Release|Any CPU.Build.0 = Release|Any CPU
		{D00679DF-D023-470E-8D36-72827CE4C2B4}.Debug|Any CPU.ActiveCfg = Debug|Any CPU
		{D00679DF-D023-470E-8D36-72827CE4C2B4}.Debug|Any CPU.Build.0 = Debug|Any CPU
		{D00679DF-D023-470E-8D36-72827CE4C2B4}.Release|Any CPU.ActiveCfg = Release|Any CPU
		{D00679DF-D023-470E-8D36-72827CE4C2B4}.Release|Any CPU.Build.0 = Release|Any CPU
		{B7DF51F1-9475-4F37-9E23-397EAF40A07B}.Debug|Any CPU.ActiveCfg = Debug|Any CPU
		{B7DF51F1-9475-4F37-9E23-397EAF40A07B}.Debug|Any CPU.Build.0 = Debug|Any CPU
		{B7DF51F1-9475-4F37-9E23-397EAF40A07B}.Release|Any CPU.ActiveCfg = Release|Any CPU
		{B7DF51F1-9475-4F37-9E23-397EAF40A07B}.Release|Any CPU.Build.0 = Release|Any CPU
		{DC136DBB-1617-4D7B-8B5D-FCB1421434E4}.Debug|Any CPU.ActiveCfg = Debug|Any CPU
		{DC136DBB-1617-4D7B-8B5D-FCB1421434E4}.Debug|Any CPU.Build.0 = Debug|Any CPU
		{DC136DBB-1617-4D7B-8B5D-FCB1421434E4}.Release|Any CPU.ActiveCfg = Release|Any CPU
		{DC136DBB-1617-4D7B-8B5D-FCB1421434E4}.Release|Any CPU.Build.0 = Release|Any CPU
	EndGlobalSection
	GlobalSection(SolutionProperties) = preSolution
		HideSolutionNode = FALSE
	EndGlobalSection
	GlobalSection(ExtensibilityGlobals) = postSolution
		SolutionGuid = {2C236273-5F11-4E1D-9C6A-145EBF4B265E}
	EndGlobalSection
EndGlobal
